{
  "name": "ddb-encryption-decryption-test",
  "lockfileVersion": 2,
  "requires": true,
  "packages": {
    "": {
      "dependencies": {
        "@aws-crypto/client-node": "^2.2.1",
        "@aws-crypto/kms-keyring-node": "^2.2.1",
        "lodash": "^4.17.21"
      },
      "devDependencies": {
        "aws-sdk": "^2.1058.0",
        "dotenv": "^10.0.0",
        "uuid": "^8.3.2"
      }
    },
    "node_modules/@aws-crypto/cache-material": {
      "version": "2.2.0",
      "resolved": "https://registry.npmjs.org/@aws-crypto/cache-material/-/cache-material-2.2.0.tgz",
      "integrity": "sha512-RmFES3+Vyxz9Yr6140J3c/k5uqqSkHZ6mVHND7nWKk1Vc2E3beiGwnPIPX1WDzeATJSc78GH69OJJDXGmCpfDw==",
      "dependencies": {
        "@aws-crypto/material-management": "^2.2.0",
        "@aws-crypto/serialize": "^2.2.0",
        "@types/lru-cache": "^5.1.0",
        "lru-cache": "^6.0.0",
        "tslib": "^2.2.0"
      }
    },
    "node_modules/@aws-crypto/caching-materials-manager-node": {
      "version": "2.2.0",
      "resolved": "https://registry.npmjs.org/@aws-crypto/caching-materials-manager-node/-/caching-materials-manager-node-2.2.0.tgz",
      "integrity": "sha512-HDDTVrQxkQTMx8jucvL9C6wN7QAcmTH48ZSQH3LZhTlsMZ1iEI2LBLqVPW+arplVLTBS3gWnuksMFy8DDuD5Kw==",
      "dependencies": {
        "@aws-crypto/cache-material": "^2.2.0",
        "@aws-crypto/material-management-node": "^2.2.0",
        "tslib": "^2.2.0"
      }
    },
    "node_modules/@aws-crypto/client-node": {
      "version": "2.2.1",
      "resolved": "https://registry.npmjs.org/@aws-crypto/client-node/-/client-node-2.2.1.tgz",
      "integrity": "sha512-b6EA4ZzbSoEt6D0ATZgOhrjYOYZU6syVOfMZ5Im0VFUadBw15fDfFZf2DG0PyD8uA+EJnwdYMfkHTx6LjViEsw==",
      "dependencies": {
        "@aws-crypto/caching-materials-manager-node": "^2.2.0",
        "@aws-crypto/decrypt-node": "^2.2.0",
        "@aws-crypto/encrypt-node": "^2.2.0",
        "@aws-crypto/kms-keyring-node": "^2.2.1",
        "@aws-crypto/material-management-node": "^2.2.0",
        "@aws-crypto/raw-aes-keyring-node": "^2.2.0",
        "@aws-crypto/raw-rsa-keyring-node": "^2.2.0",
        "tslib": "^2.2.0"
      }
    },
    "node_modules/@aws-crypto/decrypt-node": {
      "version": "2.2.0",
      "resolved": "https://registry.npmjs.org/@aws-crypto/decrypt-node/-/decrypt-node-2.2.0.tgz",
      "integrity": "sha512-rdU7mSSTgeTpSS9BnoDBocdXWrTgEqmWM34IOs2HZKWO93wpFpgbMHWNoSvveAqcxPNlRrE7gzQNRn/WEYmh/g==",
      "dependencies": {
        "@aws-crypto/material-management-node": "^2.2.0",
        "@aws-crypto/serialize": "^2.2.0",
        "@types/duplexify": "^3.6.0",
        "duplexify": "^4.1.1",
        "readable-stream": "^3.6.0",
        "tslib": "^2.2.0"
      }
    },
    "node_modules/@aws-crypto/encrypt-node": {
      "version": "2.2.0",
      "resolved": "https://registry.npmjs.org/@aws-crypto/encrypt-node/-/encrypt-node-2.2.0.tgz",
      "integrity": "sha512-zzDhhGQEZ8mkdDAni0jQPkdSSKIF+SiI7JdY36fS6f+J+3IQe/hIipfiDomdtG0PIu/hu3R8i8LXeqHDFLCXyw==",
      "dependencies": {
        "@aws-crypto/material-management-node": "^2.2.0",
        "@aws-crypto/serialize": "^2.2.0",
        "@types/duplexify": "^3.6.0",
        "duplexify": "^4.1.1",
        "readable-stream": "^3.6.0",
        "tslib": "^2.2.0"
      }
    },
    "node_modules/@aws-crypto/hkdf-node": {
      "version": "2.2.0",
      "resolved": "https://registry.npmjs.org/@aws-crypto/hkdf-node/-/hkdf-node-2.2.0.tgz",
      "integrity": "sha512-e6ltrphuUs/d4RIIU2mUzs76GNT4pwy+22i8sdjQ5LVY21A8GDOU+K/pBQizDs+FeyeaVKkbrK5HYaxQxD0WLQ==",
      "dependencies": {
        "tslib": "^2.2.0"
      }
    },
    "node_modules/@aws-crypto/kms-keyring": {
      "version": "2.2.0",
      "resolved": "https://registry.npmjs.org/@aws-crypto/kms-keyring/-/kms-keyring-2.2.0.tgz",
      "integrity": "sha512-8qt4q51ZArRXxD4NimB6YW9T8+dfid84grG+CBh1X4d/Q9TBOKkbXmYxoNaJvuo4YmeM3kOzleppPGaA6mQYrg==",
      "dependencies": {
        "@aws-crypto/material-management": "^2.2.0",
        "tslib": "^2.2.0"
      }
    },
    "node_modules/@aws-crypto/kms-keyring-node": {
      "version": "2.2.1",
      "resolved": "https://registry.npmjs.org/@aws-crypto/kms-keyring-node/-/kms-keyring-node-2.2.1.tgz",
      "integrity": "sha512-XmTDk57okj7tgZy9ImHZQd2RmiW8UEek8WNobJzkubP4kamkFRL4Pr5/fmftM+QKe94NWwNUFD5+RpJs0qgVOw==",
      "dependencies": {
        "@aws-crypto/kms-keyring": "^2.2.0",
        "@aws-crypto/material-management-node": "^2.2.0",
        "aws-sdk": "^2.650.0",
        "tslib": "^2.2.0"
      }
    },
    "node_modules/@aws-crypto/material-management": {
      "version": "2.2.0",
      "resolved": "https://registry.npmjs.org/@aws-crypto/material-management/-/material-management-2.2.0.tgz",
      "integrity": "sha512-HfwdBcjPo/nm5gBMSrOJAgGsFlYimR49GxhxVKMtIzW8KP8u8LDC3MkIa6zQ7UBEHChu3sGjG8VMxzbG2hCRNw==",
      "dependencies": {
        "asn1.js": "^5.3.0",
        "bn.js": "^5.1.1",
        "tslib": "^2.2.0"
      }
    },
    "node_modules/@aws-crypto/material-management-node": {
      "version": "2.2.0",
      "resolved": "https://registry.npmjs.org/@aws-crypto/material-management-node/-/material-management-node-2.2.0.tgz",
      "integrity": "sha512-4vE7yE635YPYoCc8axQQe/LWyed0dFmsoqOrd9yPHHitQIE8hrv3MJHKOBq0WcsZoN/RdyvxXmv5v+kFVpG4iA==",
      "dependencies": {
        "@aws-crypto/hkdf-node": "^2.2.0",
        "@aws-crypto/material-management": "^2.2.0",
        "@aws-crypto/serialize": "^2.2.0",
        "tslib": "^2.2.0"
      }
    },
    "node_modules/@aws-crypto/raw-aes-keyring-node": {
      "version": "2.2.0",
      "resolved": "https://registry.npmjs.org/@aws-crypto/raw-aes-keyring-node/-/raw-aes-keyring-node-2.2.0.tgz",
      "integrity": "sha512-R/Jvcwh6ex2aTTKBW5cMVh1Uxuuj0wZhpIF9y9lEvaTYOwqXEoyM/dnJ84259B7nqg6TPr345WObxjsEq1K5mw==",
      "dependencies": {
        "@aws-crypto/material-management-node": "^2.2.0",
        "@aws-crypto/raw-keyring": "^2.2.0",
        "@aws-crypto/serialize": "^2.2.0",
        "tslib": "^2.2.0"
      }
    },
    "node_modules/@aws-crypto/raw-keyring": {
      "version": "2.2.0",
      "resolved": "https://registry.npmjs.org/@aws-crypto/raw-keyring/-/raw-keyring-2.2.0.tgz",
      "integrity": "sha512-aOoXQxAbfF2JYzEDfnMWHoPVnZZxItiPK7ELSMdEKJUHnCUgy9GEk2Zq4fYEWw+T0oZZERPpPh3bfgZdRR2tcw==",
      "dependencies": {
        "@aws-crypto/material-management": "^2.2.0",
        "@aws-crypto/serialize": "^2.2.0",
        "tslib": "^2.2.0"
      }
    },
    "node_modules/@aws-crypto/raw-rsa-keyring-node": {
      "version": "2.2.0",
      "resolved": "https://registry.npmjs.org/@aws-crypto/raw-rsa-keyring-node/-/raw-rsa-keyring-node-2.2.0.tgz",
      "integrity": "sha512-bFd2C2BLAKd76pqi5RcslAeDdHYOptqtj40SL+JWV8czuVUxhS655b4KSzAQpKykp/7lf4vknhWO2FAUb67lYg==",
      "dependencies": {
        "@aws-crypto/material-management-node": "^2.2.0",
        "@aws-crypto/raw-keyring": "^2.2.0",
        "tslib": "^2.2.0"
      }
    },
    "node_modules/@aws-crypto/serialize": {
      "version": "2.2.0",
      "resolved": "https://registry.npmjs.org/@aws-crypto/serialize/-/serialize-2.2.0.tgz",
      "integrity": "sha512-ECwzo74anpj5VkyKN76CGqBtG9vQ643RgGIRFJEJLgy+Wu6eTMMI99APeVHTigzbXhaoZd7iyCN/IgOk/FM2Xw==",
      "dependencies": {
        "@aws-crypto/material-management": "^2.2.0",
        "asn1.js": "^5.3.0",
        "bn.js": "^5.1.1",
        "tslib": "^2.2.0"
      }
    },
    "node_modules/@types/duplexify": {
      "version": "3.6.0",
      "resolved": "https://registry.npmjs.org/@types/duplexify/-/duplexify-3.6.0.tgz",
      "integrity": "sha512-5zOA53RUlzN74bvrSGwjudssD9F3a797sDZQkiYpUOxW+WHaXTCPz4/d5Dgi6FKnOqZ2CpaTo0DhgIfsXAOE/A==",
      "dependencies": {
        "@types/node": "*"
      }
    },
    "node_modules/@types/lru-cache": {
      "version": "5.1.0",
      "resolved": "https://registry.npmjs.org/@types/lru-cache/-/lru-cache-5.1.0.tgz",
      "integrity": "sha512-RaE0B+14ToE4l6UqdarKPnXwVDuigfFv+5j9Dze/Nqr23yyuqdNvzcZi3xB+3Agvi5R4EOgAksfv3lXX4vBt9w=="
    },
    "node_modules/@types/node": {
      "version": "15.12.2",
      "resolved": "https://registry.npmjs.org/@types/node/-/node-15.12.2.tgz",
      "integrity": "sha512-zjQ69G564OCIWIOHSXyQEEDpdpGl+G348RAKY0XXy9Z5kU9Vzv1GMNnkar/ZJ8dzXB3COzD9Mo9NtRZ4xfgUww=="
    },
    "node_modules/asn1.js": {
      "version": "5.4.1",
      "resolved": "https://registry.npmjs.org/asn1.js/-/asn1.js-5.4.1.tgz",
      "integrity": "sha512-+I//4cYPccV8LdmBLiX8CYvf9Sp3vQsrqu2QNXRcrbiWvcx/UdlFiqUJJzxRQxgsZmvhXhn4cSKeSmoFjVdupA==",
      "dependencies": {
        "bn.js": "^4.0.0",
        "inherits": "^2.0.1",
        "minimalistic-assert": "^1.0.0",
        "safer-buffer": "^2.1.0"
      }
    },
    "node_modules/asn1.js/node_modules/bn.js": {
      "version": "4.12.0",
      "resolved": "https://registry.npmjs.org/bn.js/-/bn.js-4.12.0.tgz",
      "integrity": "sha512-c98Bf3tPniI+scsdk237ku1Dc3ujXQTSgyiPUDEOe7tRkhrqridvh8klBv0HCEso1OLOYcHuCv/cS6DNxKH+ZA=="
    },
    "node_modules/aws-sdk": {
      "version": "2.1058.0",
      "resolved": "https://registry.npmjs.org/aws-sdk/-/aws-sdk-2.1058.0.tgz",
      "integrity": "sha512-q6bTq1DBBeBaU6GKKoTHmJj16WOQHhOoK7jwV93IT8pO0P1XH99gesFofhew3eT0h8Ev7quVKutk4B1kfnIXPQ==",
      "dependencies": {
        "buffer": "4.9.2",
        "events": "1.1.1",
        "ieee754": "1.1.13",
        "jmespath": "0.15.0",
        "querystring": "0.2.0",
        "sax": "1.2.1",
        "url": "0.10.3",
        "uuid": "3.3.2",
        "xml2js": "0.4.19"
      },
      "engines": {
        "node": ">= 10.0.0"
      }
    },
    "node_modules/aws-sdk/node_modules/uuid": {
      "version": "3.3.2",
      "resolved": "https://registry.npmjs.org/uuid/-/uuid-3.3.2.tgz",
      "integrity": "sha512-yXJmeNaw3DnnKAOKJE51sL/ZaYfWJRl1pK9dr19YFCu0ObS231AB1/LbqTKRAQ5kw8A90rA6fr4riOUpTZvQZA==",
      "deprecated": "Please upgrade  to version 7 or higher.  Older versions may use Math.random() in certain circumstances, which is known to be problematic.  See https://v8.dev/blog/math-random for details.",
      "bin": {
        "uuid": "bin/uuid"
      }
    },
    "node_modules/base64-js": {
      "version": "1.5.1",
      "resolved": "https://registry.npmjs.org/base64-js/-/base64-js-1.5.1.tgz",
      "integrity": "sha512-AKpaYlHn8t4SVbOHCy+b5+KKgvR4vrsD8vbvrbiQJps7fKDTkjkDry6ji0rUJjC0kzbNePLwzxq8iypo41qeWA==",
      "funding": [
        {
          "type": "github",
          "url": "https://github.com/sponsors/feross"
        },
        {
          "type": "patreon",
          "url": "https://www.patreon.com/feross"
        },
        {
          "type": "consulting",
          "url": "https://feross.org/support"
        }
      ]
    },
    "node_modules/bn.js": {
      "version": "5.2.0",
      "resolved": "https://registry.npmjs.org/bn.js/-/bn.js-5.2.0.tgz",
      "integrity": "sha512-D7iWRBvnZE8ecXiLj/9wbxH7Tk79fAh8IHaTNq1RWRixsS02W+5qS+iE9yq6RYl0asXx5tw0bLhmT5pIfbSquw=="
    },
    "node_modules/buffer": {
      "version": "4.9.2",
      "resolved": "https://registry.npmjs.org/buffer/-/buffer-4.9.2.tgz",
      "integrity": "sha512-xq+q3SRMOxGivLhBNaUdC64hDTQwejJ+H0T/NB1XMtTVEwNTrfFF3gAxiyW0Bu/xWEGhjVKgUcMhCrUy2+uCWg==",
      "dependencies": {
        "base64-js": "^1.0.2",
        "ieee754": "^1.1.4",
        "isarray": "^1.0.0"
      }
    },
    "node_modules/dotenv": {
      "version": "10.0.0",
      "resolved": "https://registry.npmjs.org/dotenv/-/dotenv-10.0.0.tgz",
      "integrity": "sha512-rlBi9d8jpv9Sf1klPjNfFAuWDjKLwTIJJ/VxtoTwIR6hnZxcEOQCZg2oIL3MWBYw5GpUDKOEnND7LXTbIpQ03Q==",
      "dev": true,
      "engines": {
        "node": ">=10"
      }
    },
    "node_modules/duplexify": {
      "version": "4.1.1",
      "resolved": "https://registry.npmjs.org/duplexify/-/duplexify-4.1.1.tgz",
      "integrity": "sha512-DY3xVEmVHTv1wSzKNbwoU6nVjzI369Y6sPoqfYr0/xlx3IdX2n94xIszTcjPO8W8ZIv0Wb0PXNcjuZyT4wiICA==",
      "dependencies": {
        "end-of-stream": "^1.4.1",
        "inherits": "^2.0.3",
        "readable-stream": "^3.1.1",
        "stream-shift": "^1.0.0"
      }
    },
    "node_modules/end-of-stream": {
      "version": "1.4.4",
      "resolved": "https://registry.npmjs.org/end-of-stream/-/end-of-stream-1.4.4.tgz",
      "integrity": "sha512-+uw1inIHVPQoaVuHzRyXd21icM+cnt4CzD5rW+NC1wjOUSTOs+Te7FOv7AhN7vS9x/oIyhLP5PR1H+phQAHu5Q==",
      "dependencies": {
        "once": "^1.4.0"
      }
    },
    "node_modules/events": {
      "version": "1.1.1",
      "resolved": "https://registry.npmjs.org/events/-/events-1.1.1.tgz",
      "integrity": "sha1-nr23Y1rQmccNzEwqH1AEKI6L2SQ=",
      "engines": {
        "node": ">=0.4.x"
      }
    },
    "node_modules/ieee754": {
      "version": "1.1.13",
      "resolved": "https://registry.npmjs.org/ieee754/-/ieee754-1.1.13.tgz",
      "integrity": "sha512-4vf7I2LYV/HaWerSo3XmlMkp5eZ83i+/CDluXi/IGTs/O1sejBNhTtnxzmRZfvOUqj7lZjqHkeTvpgSFDlWZTg=="
    },
    "node_modules/inherits": {
      "version": "2.0.4",
      "resolved": "https://registry.npmjs.org/inherits/-/inherits-2.0.4.tgz",
      "integrity": "sha512-k/vGaX4/Yla3WzyMCvTQOXYeIHvqOKtnqBduzTHpzpQZzAskKMhZ2K+EnBiSM9zGSoIFeMpXKxa4dYeZIQqewQ=="
    },
    "node_modules/isarray": {
      "version": "1.0.0",
      "resolved": "https://registry.npmjs.org/isarray/-/isarray-1.0.0.tgz",
      "integrity": "sha1-u5NdSFgsuhaMBoNJV6VKPgcSTxE="
    },
    "node_modules/jmespath": {
      "version": "0.15.0",
      "resolved": "https://registry.npmjs.org/jmespath/-/jmespath-0.15.0.tgz",
      "integrity": "sha1-o/Iiqarp+Wb10nx5ZRDigJF2Qhc=",
      "engines": {
        "node": ">= 0.6.0"
      }
    },
    "node_modules/lodash": {
      "version": "4.17.21",
      "resolved": "https://registry.npmjs.org/lodash/-/lodash-4.17.21.tgz",
      "integrity": "sha512-v2kDEe57lecTulaDIuNTPy3Ry4gLGJ6Z1O3vE1krgXZNrsQ+LFTGHVxVjcXPs17LhbZVGedAJv8XZ1tvj5FvSg=="
    },
    "node_modules/lru-cache": {
      "version": "6.0.0",
      "resolved": "https://registry.npmjs.org/lru-cache/-/lru-cache-6.0.0.tgz",
      "integrity": "sha512-Jo6dJ04CmSjuznwJSS3pUeWmd/H0ffTlkXXgwZi+eq1UCmqQwCh+eLsYOYCwY991i2Fah4h1BEMCx4qThGbsiA==",
      "dependencies": {
        "yallist": "^4.0.0"
      },
      "engines": {
        "node": ">=10"
      }
    },
    "node_modules/minimalistic-assert": {
      "version": "1.0.1",
      "resolved": "https://registry.npmjs.org/minimalistic-assert/-/minimalistic-assert-1.0.1.tgz",
      "integrity": "sha512-UtJcAD4yEaGtjPezWuO9wC4nwUnVH/8/Im3yEHQP4b67cXlD/Qr9hdITCU1xDbSEXg2XKNaP8jsReV7vQd00/A=="
    },
    "node_modules/once": {
      "version": "1.4.0",
      "resolved": "https://registry.npmjs.org/once/-/once-1.4.0.tgz",
      "integrity": "sha1-WDsap3WWHUsROsF9nFC6753Xa9E=",
      "dependencies": {
        "wrappy": "1"
      }
    },
    "node_modules/punycode": {
      "version": "1.3.2",
      "resolved": "https://registry.npmjs.org/punycode/-/punycode-1.3.2.tgz",
      "integrity": "sha1-llOgNvt8HuQjQvIyXM7v6jkmxI0="
    },
    "node_modules/querystring": {
      "version": "0.2.0",
      "resolved": "https://registry.npmjs.org/querystring/-/querystring-0.2.0.tgz",
      "integrity": "sha1-sgmEkgO7Jd+CDadW50cAWHhSFiA=",
      "engines": {
        "node": ">=0.4.x"
      }
    },
    "node_modules/readable-stream": {
      "version": "3.6.0",
      "resolved": "https://registry.npmjs.org/readable-stream/-/readable-stream-3.6.0.tgz",
      "integrity": "sha512-BViHy7LKeTz4oNnkcLJ+lVSL6vpiFeX6/d3oSH8zCW7UxP2onchk+vTGB143xuFjHS3deTgkKoXXymXqymiIdA==",
      "dependencies": {
        "inherits": "^2.0.3",
        "string_decoder": "^1.1.1",
        "util-deprecate": "^1.0.1"
      },
      "engines": {
        "node": ">= 6"
      }
    },
    "node_modules/safe-buffer": {
      "version": "5.2.1",
      "resolved": "https://registry.npmjs.org/safe-buffer/-/safe-buffer-5.2.1.tgz",
      "integrity": "sha512-rp3So07KcdmmKbGvgaNxQSJr7bGVSVk5S9Eq1F+ppbRo70+YeaDxkw5Dd8NPN+GD6bjnYm2VuPuCXmpuYvmCXQ==",
      "funding": [
        {
          "type": "github",
          "url": "https://github.com/sponsors/feross"
        },
        {
          "type": "patreon",
          "url": "https://www.patreon.com/feross"
        },
        {
          "type": "consulting",
          "url": "https://feross.org/support"
        }
      ]
    },
    "node_modules/safer-buffer": {
      "version": "2.1.2",
      "resolved": "https://registry.npmjs.org/safer-buffer/-/safer-buffer-2.1.2.tgz",
      "integrity": "sha512-YZo3K82SD7Riyi0E1EQPojLz7kpepnSQI9IyPbHHg1XXXevb5dJI7tpyN2ADxGcQbHG7vcyRHk0cbwqcQriUtg=="
    },
    "node_modules/sax": {
      "version": "1.2.1",
      "resolved": "https://registry.npmjs.org/sax/-/sax-1.2.1.tgz",
      "integrity": "sha1-e45lYZCyKOgaZq6nSEgNgozS03o="
    },
    "node_modules/stream-shift": {
      "version": "1.0.1",
      "resolved": "https://registry.npmjs.org/stream-shift/-/stream-shift-1.0.1.tgz",
      "integrity": "sha512-AiisoFqQ0vbGcZgQPY1cdP2I76glaVA/RauYR4G4thNFgkTqr90yXTo4LYX60Jl+sIlPNHHdGSwo01AvbKUSVQ=="
    },
    "node_modules/string_decoder": {
      "version": "1.3.0",
      "resolved": "https://registry.npmjs.org/string_decoder/-/string_decoder-1.3.0.tgz",
      "integrity": "sha512-hkRX8U1WjJFd8LsDJ2yQ/wWWxaopEsABU1XfkM8A+j0+85JAGppt16cr1Whg6KIbb4okU6Mql6BOj+uup/wKeA==",
      "dependencies": {
        "safe-buffer": "~5.2.0"
      }
    },
    "node_modules/tslib": {
      "version": "2.2.0",
      "resolved": "https://registry.npmjs.org/tslib/-/tslib-2.2.0.tgz",
      "integrity": "sha512-gS9GVHRU+RGn5KQM2rllAlR3dU6m7AcpJKdtH8gFvQiC4Otgk98XnmMU+nZenHt/+VhnBPWwgrJsyrdcw6i23w=="
    },
    "node_modules/url": {
      "version": "0.10.3",
      "resolved": "https://registry.npmjs.org/url/-/url-0.10.3.tgz",
      "integrity": "sha1-Ah5NnHcF8hu/N9A861h2dAJ3TGQ=",
      "dependencies": {
        "punycode": "1.3.2",
        "querystring": "0.2.0"
      }
    },
    "node_modules/util-deprecate": {
      "version": "1.0.2",
      "resolved": "https://registry.npmjs.org/util-deprecate/-/util-deprecate-1.0.2.tgz",
      "integrity": "sha1-RQ1Nyfpw3nMnYvvS1KKJgUGaDM8="
    },
    "node_modules/uuid": {
      "version": "8.3.2",
      "resolved": "https://registry.npmjs.org/uuid/-/uuid-8.3.2.tgz",
      "integrity": "sha512-+NYs2QeMWy+GWFOEm9xnn6HCDp0l7QBD7ml8zLUmJ+93Q5NF0NocErnwkTkXVFNiX3/fpC6afS8Dhb/gz7R7eg==",
      "dev": true,
      "bin": {
        "uuid": "dist/bin/uuid"
      }
    },
    "node_modules/wrappy": {
      "version": "1.0.2",
      "resolved": "https://registry.npmjs.org/wrappy/-/wrappy-1.0.2.tgz",
      "integrity": "sha1-tSQ9jz7BqjXxNkYFvA0QNuMKtp8="
    },
    "node_modules/xml2js": {
      "version": "0.4.19",
      "resolved": "https://registry.npmjs.org/xml2js/-/xml2js-0.4.19.tgz",
      "integrity": "sha512-esZnJZJOiJR9wWKMyuvSE1y6Dq5LCuJanqhxslH2bxM6duahNZ+HMpCLhBQGZkbX6xRf8x1Y2eJlgt2q3qo49Q==",
      "dependencies": {
        "sax": ">=0.6.0",
        "xmlbuilder": "~9.0.1"
      }
    },
    "node_modules/xmlbuilder": {
      "version": "9.0.7",
      "resolved": "https://registry.npmjs.org/xmlbuilder/-/xmlbuilder-9.0.7.tgz",
      "integrity": "sha1-Ey7mPS7FVlxVfiD0wi35rKaGsQ0=",
      "engines": {
        "node": ">=4.0"
      }
    },
    "node_modules/yallist": {
      "version": "4.0.0",
      "resolved": "https://registry.npmjs.org/yallist/-/yallist-4.0.0.tgz",
      "integrity": "sha512-3wdGidZyq5PB084XLES5TpOSRA3wjXAlIWMhum2kRcv/41Sn2emQ0dycQW4uZXLejwKvg6EsvbdlVL+FYEct7A=="
    }
  },
  "dependencies": {
    "@aws-crypto/cache-material": {
      "version": "2.2.0",
      "resolved": "https://registry.npmjs.org/@aws-crypto/cache-material/-/cache-material-2.2.0.tgz",
      "integrity": "sha512-RmFES3+Vyxz9Yr6140J3c/k5uqqSkHZ6mVHND7nWKk1Vc2E3beiGwnPIPX1WDzeATJSc78GH69OJJDXGmCpfDw==",
      "requires": {
        "@aws-crypto/material-management": "^2.2.0",
        "@aws-crypto/serialize": "^2.2.0",
        "@types/lru-cache": "^5.1.0",
        "lru-cache": "^6.0.0",
        "tslib": "^2.2.0"
      }
    },
    "@aws-crypto/caching-materials-manager-node": {
      "version": "2.2.0",
      "resolved": "https://registry.npmjs.org/@aws-crypto/caching-materials-manager-node/-/caching-materials-manager-node-2.2.0.tgz",
      "integrity": "sha512-HDDTVrQxkQTMx8jucvL9C6wN7QAcmTH48ZSQH3LZhTlsMZ1iEI2LBLqVPW+arplVLTBS3gWnuksMFy8DDuD5Kw==",
      "requires": {
        "@aws-crypto/cache-material": "^2.2.0",
        "@aws-crypto/material-management-node": "^2.2.0",
        "tslib": "^2.2.0"
      }
    },
    "@aws-crypto/client-node": {
      "version": "2.2.1",
      "resolved": "https://registry.npmjs.org/@aws-crypto/client-node/-/client-node-2.2.1.tgz",
      "integrity": "sha512-b6EA4ZzbSoEt6D0ATZgOhrjYOYZU6syVOfMZ5Im0VFUadBw15fDfFZf2DG0PyD8uA+EJnwdYMfkHTx6LjViEsw==",
      "requires": {
        "@aws-crypto/caching-materials-manager-node": "^2.2.0",
        "@aws-crypto/decrypt-node": "^2.2.0",
        "@aws-crypto/encrypt-node": "^2.2.0",
        "@aws-crypto/kms-keyring-node": "^2.2.1",
        "@aws-crypto/material-management-node": "^2.2.0",
        "@aws-crypto/raw-aes-keyring-node": "^2.2.0",
        "@aws-crypto/raw-rsa-keyring-node": "^2.2.0",
        "tslib": "^2.2.0"
      }
    },
    "@aws-crypto/decrypt-node": {
      "version": "2.2.0",
      "resolved": "https://registry.npmjs.org/@aws-crypto/decrypt-node/-/decrypt-node-2.2.0.tgz",
      "integrity": "sha512-rdU7mSSTgeTpSS9BnoDBocdXWrTgEqmWM34IOs2HZKWO93wpFpgbMHWNoSvveAqcxPNlRrE7gzQNRn/WEYmh/g==",
      "requires": {
        "@aws-crypto/material-management-node": "^2.2.0",
        "@aws-crypto/serialize": "^2.2.0",
        "@types/duplexify": "^3.6.0",
        "duplexify": "^4.1.1",
        "readable-stream": "^3.6.0",
        "tslib": "^2.2.0"
      }
    },
    "@aws-crypto/encrypt-node": {
      "version": "2.2.0",
      "resolved": "https://registry.npmjs.org/@aws-crypto/encrypt-node/-/encrypt-node-2.2.0.tgz",
      "integrity": "sha512-zzDhhGQEZ8mkdDAni0jQPkdSSKIF+SiI7JdY36fS6f+J+3IQe/hIipfiDomdtG0PIu/hu3R8i8LXeqHDFLCXyw==",
      "requires": {
        "@aws-crypto/material-management-node": "^2.2.0",
        "@aws-crypto/serialize": "^2.2.0",
        "@types/duplexify": "^3.6.0",
        "duplexify": "^4.1.1",
        "readable-stream": "^3.6.0",
        "tslib": "^2.2.0"
      }
    },
    "@aws-crypto/hkdf-node": {
      "version": "2.2.0",
      "resolved": "https://registry.npmjs.org/@aws-crypto/hkdf-node/-/hkdf-node-2.2.0.tgz",
      "integrity": "sha512-e6ltrphuUs/d4RIIU2mUzs76GNT4pwy+22i8sdjQ5LVY21A8GDOU+K/pBQizDs+FeyeaVKkbrK5HYaxQxD0WLQ==",
      "requires": {
        "tslib": "^2.2.0"
      }
    },
    "@aws-crypto/kms-keyring": {
      "version": "2.2.0",
      "resolved": "https://registry.npmjs.org/@aws-crypto/kms-keyring/-/kms-keyring-2.2.0.tgz",
      "integrity": "sha512-8qt4q51ZArRXxD4NimB6YW9T8+dfid84grG+CBh1X4d/Q9TBOKkbXmYxoNaJvuo4YmeM3kOzleppPGaA6mQYrg==",
      "requires": {
        "@aws-crypto/material-management": "^2.2.0",
        "tslib": "^2.2.0"
      }
    },
    "@aws-crypto/kms-keyring-node": {
      "version": "2.2.1",
      "resolved": "https://registry.npmjs.org/@aws-crypto/kms-keyring-node/-/kms-keyring-node-2.2.1.tgz",
      "integrity": "sha512-XmTDk57okj7tgZy9ImHZQd2RmiW8UEek8WNobJzkubP4kamkFRL4Pr5/fmftM+QKe94NWwNUFD5+RpJs0qgVOw==",
      "requires": {
        "@aws-crypto/kms-keyring": "^2.2.0",
        "@aws-crypto/material-management-node": "^2.2.0",
        "aws-sdk": "^2.650.0",
        "tslib": "^2.2.0"
      }
    },
    "@aws-crypto/material-management": {
      "version": "2.2.0",
      "resolved": "https://registry.npmjs.org/@aws-crypto/material-management/-/material-management-2.2.0.tgz",
      "integrity": "sha512-HfwdBcjPo/nm5gBMSrOJAgGsFlYimR49GxhxVKMtIzW8KP8u8LDC3MkIa6zQ7UBEHChu3sGjG8VMxzbG2hCRNw==",
      "requires": {
        "asn1.js": "^5.3.0",
        "bn.js": "^5.1.1",
        "tslib": "^2.2.0"
      }
    },
    "@aws-crypto/material-management-node": {
      "version": "2.2.0",
      "resolved": "https://registry.npmjs.org/@aws-crypto/material-management-node/-/material-management-node-2.2.0.tgz",
      "integrity": "sha512-4vE7yE635YPYoCc8axQQe/LWyed0dFmsoqOrd9yPHHitQIE8hrv3MJHKOBq0WcsZoN/RdyvxXmv5v+kFVpG4iA==",
      "requires": {
        "@aws-crypto/hkdf-node": "^2.2.0",
        "@aws-crypto/material-management": "^2.2.0",
        "@aws-crypto/serialize": "^2.2.0",
        "tslib": "^2.2.0"
      }
    },
    "@aws-crypto/raw-aes-keyring-node": {
      "version": "2.2.0",
      "resolved": "https://registry.npmjs.org/@aws-crypto/raw-aes-keyring-node/-/raw-aes-keyring-node-2.2.0.tgz",
      "integrity": "sha512-R/Jvcwh6ex2aTTKBW5cMVh1Uxuuj0wZhpIF9y9lEvaTYOwqXEoyM/dnJ84259B7nqg6TPr345WObxjsEq1K5mw==",
      "requires": {
        "@aws-crypto/material-management-node": "^2.2.0",
        "@aws-crypto/raw-keyring": "^2.2.0",
        "@aws-crypto/serialize": "^2.2.0",
        "tslib": "^2.2.0"
      }
    },
    "@aws-crypto/raw-keyring": {
      "version": "2.2.0",
      "resolved": "https://registry.npmjs.org/@aws-crypto/raw-keyring/-/raw-keyring-2.2.0.tgz",
      "integrity": "sha512-aOoXQxAbfF2JYzEDfnMWHoPVnZZxItiPK7ELSMdEKJUHnCUgy9GEk2Zq4fYEWw+T0oZZERPpPh3bfgZdRR2tcw==",
      "requires": {
        "@aws-crypto/material-management": "^2.2.0",
        "@aws-crypto/serialize": "^2.2.0",
        "tslib": "^2.2.0"
      }
    },
    "@aws-crypto/raw-rsa-keyring-node": {
      "version": "2.2.0",
      "resolved": "https://registry.npmjs.org/@aws-crypto/raw-rsa-keyring-node/-/raw-rsa-keyring-node-2.2.0.tgz",
      "integrity": "sha512-bFd2C2BLAKd76pqi5RcslAeDdHYOptqtj40SL+JWV8czuVUxhS655b4KSzAQpKykp/7lf4vknhWO2FAUb67lYg==",
      "requires": {
        "@aws-crypto/material-management-node": "^2.2.0",
        "@aws-crypto/raw-keyring": "^2.2.0",
        "tslib": "^2.2.0"
      }
    },
    "@aws-crypto/serialize": {
      "version": "2.2.0",
      "resolved": "https://registry.npmjs.org/@aws-crypto/serialize/-/serialize-2.2.0.tgz",
      "integrity": "sha512-ECwzo74anpj5VkyKN76CGqBtG9vQ643RgGIRFJEJLgy+Wu6eTMMI99APeVHTigzbXhaoZd7iyCN/IgOk/FM2Xw==",
      "requires": {
        "@aws-crypto/material-management": "^2.2.0",
        "asn1.js": "^5.3.0",
        "bn.js": "^5.1.1",
        "tslib": "^2.2.0"
      }
    },
    "@types/duplexify": {
      "version": "3.6.0",
      "resolved": "https://registry.npmjs.org/@types/duplexify/-/duplexify-3.6.0.tgz",
      "integrity": "sha512-5zOA53RUlzN74bvrSGwjudssD9F3a797sDZQkiYpUOxW+WHaXTCPz4/d5Dgi6FKnOqZ2CpaTo0DhgIfsXAOE/A==",
      "requires": {
        "@types/node": "*"
      }
    },
    "@types/lru-cache": {
      "version": "5.1.0",
      "resolved": "https://registry.npmjs.org/@types/lru-cache/-/lru-cache-5.1.0.tgz",
      "integrity": "sha512-RaE0B+14ToE4l6UqdarKPnXwVDuigfFv+5j9Dze/Nqr23yyuqdNvzcZi3xB+3Agvi5R4EOgAksfv3lXX4vBt9w=="
    },
    "@types/node": {
      "version": "15.12.2",
      "resolved": "https://registry.npmjs.org/@types/node/-/node-15.12.2.tgz",
      "integrity": "sha512-zjQ69G564OCIWIOHSXyQEEDpdpGl+G348RAKY0XXy9Z5kU9Vzv1GMNnkar/ZJ8dzXB3COzD9Mo9NtRZ4xfgUww=="
    },
    "asn1.js": {
      "version": "5.4.1",
      "resolved": "https://registry.npmjs.org/asn1.js/-/asn1.js-5.4.1.tgz",
      "integrity": "sha512-+I//4cYPccV8LdmBLiX8CYvf9Sp3vQsrqu2QNXRcrbiWvcx/UdlFiqUJJzxRQxgsZmvhXhn4cSKeSmoFjVdupA==",
      "requires": {
        "bn.js": "^4.0.0",
        "inherits": "^2.0.1",
        "minimalistic-assert": "^1.0.0",
        "safer-buffer": "^2.1.0"
      },
      "dependencies": {
        "bn.js": {
          "version": "4.12.0",
          "resolved": "https://registry.npmjs.org/bn.js/-/bn.js-4.12.0.tgz",
          "integrity": "sha512-c98Bf3tPniI+scsdk237ku1Dc3ujXQTSgyiPUDEOe7tRkhrqridvh8klBv0HCEso1OLOYcHuCv/cS6DNxKH+ZA=="
        }
      }
    },
    "aws-sdk": {
      "version": "2.1058.0",
      "resolved": "https://registry.npmjs.org/aws-sdk/-/aws-sdk-2.1058.0.tgz",
      "integrity": "sha512-q6bTq1DBBeBaU6GKKoTHmJj16WOQHhOoK7jwV93IT8pO0P1XH99gesFofhew3eT0h8Ev7quVKutk4B1kfnIXPQ==",
      "requires": {
        "buffer": "4.9.2",
        "events": "1.1.1",
        "ieee754": "1.1.13",
        "jmespath": "0.15.0",
        "querystring": "0.2.0",
        "sax": "1.2.1",
        "url": "0.10.3",
        "uuid": "3.3.2",
        "xml2js": "0.4.19"
      },
      "dependencies": {
        "uuid": {
          "version": "3.3.2",
          "resolved": "https://registry.npmjs.org/uuid/-/uuid-3.3.2.tgz",
          "integrity": "sha512-yXJmeNaw3DnnKAOKJE51sL/ZaYfWJRl1pK9dr19YFCu0ObS231AB1/LbqTKRAQ5kw8A90rA6fr4riOUpTZvQZA=="
        }
      }
    },
    "base64-js": {
      "version": "1.5.1",
      "resolved": "https://registry.npmjs.org/base64-js/-/base64-js-1.5.1.tgz",
      "integrity": "sha512-AKpaYlHn8t4SVbOHCy+b5+KKgvR4vrsD8vbvrbiQJps7fKDTkjkDry6ji0rUJjC0kzbNePLwzxq8iypo41qeWA=="
    },
    "bn.js": {
      "version": "5.2.0",
      "resolved": "https://registry.npmjs.org/bn.js/-/bn.js-5.2.0.tgz",
      "integrity": "sha512-D7iWRBvnZE8ecXiLj/9wbxH7Tk79fAh8IHaTNq1RWRixsS02W+5qS+iE9yq6RYl0asXx5tw0bLhmT5pIfbSquw=="
    },
    "buffer": {
      "version": "4.9.2",
      "resolved": "https://registry.npmjs.org/buffer/-/buffer-4.9.2.tgz",
      "integrity": "sha512-xq+q3SRMOxGivLhBNaUdC64hDTQwejJ+H0T/NB1XMtTVEwNTrfFF3gAxiyW0Bu/xWEGhjVKgUcMhCrUy2+uCWg==",
      "requires": {
        "base64-js": "^1.0.2",
        "ieee754": "^1.1.4",
        "isarray": "^1.0.0"
      }
    },
    "dotenv": {
      "version": "10.0.0",
      "resolved": "https://registry.npmjs.org/dotenv/-/dotenv-10.0.0.tgz",
      "integrity": "sha512-rlBi9d8jpv9Sf1klPjNfFAuWDjKLwTIJJ/VxtoTwIR6hnZxcEOQCZg2oIL3MWBYw5GpUDKOEnND7LXTbIpQ03Q==",
      "dev": true
    },
    "duplexify": {
      "version": "4.1.1",
      "resolved": "https://registry.npmjs.org/duplexify/-/duplexify-4.1.1.tgz",
      "integrity": "sha512-DY3xVEmVHTv1wSzKNbwoU6nVjzI369Y6sPoqfYr0/xlx3IdX2n94xIszTcjPO8W8ZIv0Wb0PXNcjuZyT4wiICA==",
      "requires": {
        "end-of-stream": "^1.4.1",
        "inherits": "^2.0.3",
        "readable-stream": "^3.1.1",
        "stream-shift": "^1.0.0"
      }
    },
    "end-of-stream": {
      "version": "1.4.4",
      "resolved": "https://registry.npmjs.org/end-of-stream/-/end-of-stream-1.4.4.tgz",
      "integrity": "sha512-+uw1inIHVPQoaVuHzRyXd21icM+cnt4CzD5rW+NC1wjOUSTOs+Te7FOv7AhN7vS9x/oIyhLP5PR1H+phQAHu5Q==",
      "requires": {
        "once": "^1.4.0"
      }
    },
    "events": {
      "version": "1.1.1",
      "resolved": "https://registry.npmjs.org/events/-/events-1.1.1.tgz",
      "integrity": "sha1-nr23Y1rQmccNzEwqH1AEKI6L2SQ="
    },
    "ieee754": {
      "version": "1.1.13",
      "resolved": "https://registry.npmjs.org/ieee754/-/ieee754-1.1.13.tgz",
      "integrity": "sha512-4vf7I2LYV/HaWerSo3XmlMkp5eZ83i+/CDluXi/IGTs/O1sejBNhTtnxzmRZfvOUqj7lZjqHkeTvpgSFDlWZTg=="
    },
    "inherits": {
      "version": "2.0.4",
      "resolved": "https://registry.npmjs.org/inherits/-/inherits-2.0.4.tgz",
      "integrity": "sha512-k/vGaX4/Yla3WzyMCvTQOXYeIHvqOKtnqBduzTHpzpQZzAskKMhZ2K+EnBiSM9zGSoIFeMpXKxa4dYeZIQqewQ=="
    },
    "isarray": {
      "version": "1.0.0",
      "resolved": "https://registry.npmjs.org/isarray/-/isarray-1.0.0.tgz",
      "integrity": "sha1-u5NdSFgsuhaMBoNJV6VKPgcSTxE="
    },
    "jmespath": {
      "version": "0.15.0",
      "resolved": "https://registry.npmjs.org/jmespath/-/jmespath-0.15.0.tgz",
      "integrity": "sha1-o/Iiqarp+Wb10nx5ZRDigJF2Qhc="
    },
    "lodash": {
      "version": "4.17.21",
      "resolved": "https://registry.npmjs.org/lodash/-/lodash-4.17.21.tgz",
      "integrity": "sha512-v2kDEe57lecTulaDIuNTPy3Ry4gLGJ6Z1O3vE1krgXZNrsQ+LFTGHVxVjcXPs17LhbZVGedAJv8XZ1tvj5FvSg=="
    },
    "lru-cache": {
      "version": "6.0.0",
      "resolved": "https://registry.npmjs.org/lru-cache/-/lru-cache-6.0.0.tgz",
      "integrity": "sha512-Jo6dJ04CmSjuznwJSS3pUeWmd/H0ffTlkXXgwZi+eq1UCmqQwCh+eLsYOYCwY991i2Fah4h1BEMCx4qThGbsiA==",
      "requires": {
        "yallist": "^4.0.0"
      }
    },
    "minimalistic-assert": {
      "version": "1.0.1",
      "resolved": "https://registry.npmjs.org/minimalistic-assert/-/minimalistic-assert-1.0.1.tgz",
      "integrity": "sha512-UtJcAD4yEaGtjPezWuO9wC4nwUnVH/8/Im3yEHQP4b67cXlD/Qr9hdITCU1xDbSEXg2XKNaP8jsReV7vQd00/A=="
    },
    "once": {
      "version": "1.4.0",
      "resolved": "https://registry.npmjs.org/once/-/once-1.4.0.tgz",
      "integrity": "sha1-WDsap3WWHUsROsF9nFC6753Xa9E=",
      "requires": {
        "wrappy": "1"
      }
    },
    "punycode": {
      "version": "1.3.2",
      "resolved": "https://registry.npmjs.org/punycode/-/punycode-1.3.2.tgz",
      "integrity": "sha1-llOgNvt8HuQjQvIyXM7v6jkmxI0="
    },
    "querystring": {
      "version": "0.2.0",
      "resolved": "https://registry.npmjs.org/querystring/-/querystring-0.2.0.tgz",
      "integrity": "sha1-sgmEkgO7Jd+CDadW50cAWHhSFiA="
    },
    "readable-stream": {
      "version": "3.6.0",
      "resolved": "https://registry.npmjs.org/readable-stream/-/readable-stream-3.6.0.tgz",
      "integrity": "sha512-BViHy7LKeTz4oNnkcLJ+lVSL6vpiFeX6/d3oSH8zCW7UxP2onchk+vTGB143xuFjHS3deTgkKoXXymXqymiIdA==",
      "requires": {
        "inherits": "^2.0.3",
        "string_decoder": "^1.1.1",
        "util-deprecate": "^1.0.1"
      }
    },
    "safe-buffer": {
      "version": "5.2.1",
      "resolved": "https://registry.npmjs.org/safe-buffer/-/safe-buffer-5.2.1.tgz",
      "integrity": "sha512-rp3So07KcdmmKbGvgaNxQSJr7bGVSVk5S9Eq1F+ppbRo70+YeaDxkw5Dd8NPN+GD6bjnYm2VuPuCXmpuYvmCXQ=="
    },
    "safer-buffer": {
      "version": "2.1.2",
      "resolved": "https://registry.npmjs.org/safer-buffer/-/safer-buffer-2.1.2.tgz",
      "integrity": "sha512-YZo3K82SD7Riyi0E1EQPojLz7kpepnSQI9IyPbHHg1XXXevb5dJI7tpyN2ADxGcQbHG7vcyRHk0cbwqcQriUtg=="
    },
    "sax": {
      "version": "1.2.1",
      "resolved": "https://registry.npmjs.org/sax/-/sax-1.2.1.tgz",
      "integrity": "sha1-e45lYZCyKOgaZq6nSEgNgozS03o="
    },
    "stream-shift": {
      "version": "1.0.1",
      "resolved": "https://registry.npmjs.org/stream-shift/-/stream-shift-1.0.1.tgz",
      "integrity": "sha512-AiisoFqQ0vbGcZgQPY1cdP2I76glaVA/RauYR4G4thNFgkTqr90yXTo4LYX60Jl+sIlPNHHdGSwo01AvbKUSVQ=="
    },
    "string_decoder": {
      "version": "1.3.0",
      "resolved": "https://registry.npmjs.org/string_decoder/-/string_decoder-1.3.0.tgz",
      "integrity": "sha512-hkRX8U1WjJFd8LsDJ2yQ/wWWxaopEsABU1XfkM8A+j0+85JAGppt16cr1Whg6KIbb4okU6Mql6BOj+uup/wKeA==",
      "requires": {
        "safe-buffer": "~5.2.0"
      }
    },
    "tslib": {
      "version": "2.2.0",
      "resolved": "https://registry.npmjs.org/tslib/-/tslib-2.2.0.tgz",
      "integrity": "sha512-gS9GVHRU+RGn5KQM2rllAlR3dU6m7AcpJKdtH8gFvQiC4Otgk98XnmMU+nZenHt/+VhnBPWwgrJsyrdcw6i23w=="
    },
    "url": {
      "version": "0.10.3",
      "resolved": "https://registry.npmjs.org/url/-/url-0.10.3.tgz",
      "integrity": "sha1-Ah5NnHcF8hu/N9A861h2dAJ3TGQ=",
      "requires": {
        "punycode": "1.3.2",
        "querystring": "0.2.0"
      }
    },
    "util-deprecate": {
      "version": "1.0.2",
      "resolved": "https://registry.npmjs.org/util-deprecate/-/util-deprecate-1.0.2.tgz",
      "integrity": "sha1-RQ1Nyfpw3nMnYvvS1KKJgUGaDM8="
    },
    "uuid": {
      "version": "8.3.2",
      "resolved": "https://registry.npmjs.org/uuid/-/uuid-8.3.2.tgz",
      "integrity": "sha512-+NYs2QeMWy+GWFOEm9xnn6HCDp0l7QBD7ml8zLUmJ+93Q5NF0NocErnwkTkXVFNiX3/fpC6afS8Dhb/gz7R7eg==",
      "dev": true
    },
    "wrappy": {
      "version": "1.0.2",
      "resolved": "https://registry.npmjs.org/wrappy/-/wrappy-1.0.2.tgz",
      "integrity": "sha1-tSQ9jz7BqjXxNkYFvA0QNuMKtp8="
    },
    "xml2js": {
      "version": "0.4.19",
      "resolved": "https://registry.npmjs.org/xml2js/-/xml2js-0.4.19.tgz",
      "integrity": "sha512-esZnJZJOiJR9wWKMyuvSE1y6Dq5LCuJanqhxslH2bxM6duahNZ+HMpCLhBQGZkbX6xRf8x1Y2eJlgt2q3qo49Q==",
      "requires": {
        "sax": ">=0.6.0",
        "xmlbuilder": "~9.0.1"
      }
    },
    "xmlbuilder": {
      "version": "9.0.7",
      "resolved": "https://registry.npmjs.org/xmlbuilder/-/xmlbuilder-9.0.7.tgz",
      "integrity": "sha1-Ey7mPS7FVlxVfiD0wi35rKaGsQ0="
    },
    "yallist": {
      "version": "4.0.0",
      "resolved": "https://registry.npmjs.org/yallist/-/yallist-4.0.0.tgz",
      "integrity": "sha512-3wdGidZyq5PB084XLES5TpOSRA3wjXAlIWMhum2kRcv/41Sn2emQ0dycQW4uZXLejwKvg6EsvbdlVL+FYEct7A=="
    }
  }
}
